// !$*UTF8*$!
{
	archiveVersion = 1;
	classes = {
	};
	objectVersion = 56;
	objects = {

/* Begin PBXBuildFile section */
		9D57BF9129E0598E00F2CA3E /* GenreView.swift in Sources */ = {isa = PBXBuildFile; fileRef = 9D57BF9029E0598E00F2CA3E /* GenreView.swift */; };
		9D57BF9329E0599C00F2CA3E /* GenreItemView.swift in Sources */ = {isa = PBXBuildFile; fileRef = 9D57BF9229E0599C00F2CA3E /* GenreItemView.swift */; };
		9D57BF9529E059A900F2CA3E /* GenreViewModel.swift in Sources */ = {isa = PBXBuildFile; fileRef = 9D57BF9429E059A900F2CA3E /* GenreViewModel.swift */; };
		9D57BF9829E05A6A00F2CA3E /* Genre.swift in Sources */ = {isa = PBXBuildFile; fileRef = 9D57BF9729E05A6A00F2CA3E /* Genre.swift */; };
		9D57BF9A29E05C5200F2CA3E /* Action.json in Resources */ = {isa = PBXBuildFile; fileRef = 9D57BF9929E05C5200F2CA3E /* Action.json */; };
		9D57BF9C29E05C6E00F2CA3E /* Comedy.json in Resources */ = {isa = PBXBuildFile; fileRef = 9D57BF9B29E05C6E00F2CA3E /* Comedy.json */; };
		9D57BF9E29E05C9500F2CA3E /* Horror.json in Resources */ = {isa = PBXBuildFile; fileRef = 9D57BF9D29E05C9500F2CA3E /* Horror.json */; };
		9D57BFA029E05CB700F2CA3E /* Romance.json in Resources */ = {isa = PBXBuildFile; fileRef = 9D57BF9F29E05CB700F2CA3E /* Romance.json */; };
		9D57BFA229E05CD900F2CA3E /* Documentary.json in Resources */ = {isa = PBXBuildFile; fileRef = 9D57BFA129E05CD900F2CA3E /* Documentary.json */; };
		9D57BFA429E05D2100F2CA3E /* Category.swift in Sources */ = {isa = PBXBuildFile; fileRef = 9D57BFA329E05D2100F2CA3E /* Category.swift */; };
		9D6CB6E529DF46EB000C57C2 /* Netflix_Clone_SwiftUIApp.swift in Sources */ = {isa = PBXBuildFile; fileRef = 9D6CB6E429DF46EB000C57C2 /* Netflix_Clone_SwiftUIApp.swift */; };
		9D6CB6E929DF46ED000C57C2 /* Assets.xcassets in Resources */ = {isa = PBXBuildFile; fileRef = 9D6CB6E829DF46ED000C57C2 /* Assets.xcassets */; };
		9D6CB6EC29DF46ED000C57C2 /* Preview Assets.xcassets in Resources */ = {isa = PBXBuildFile; fileRef = 9D6CB6EB29DF46ED000C57C2 /* Preview Assets.xcassets */; };
		9D6CB6F529DF47A6000C57C2 /* HomeView.swift in Sources */ = {isa = PBXBuildFile; fileRef = 9D6CB6F429DF47A6000C57C2 /* HomeView.swift */; };
		9D6CB6FE29DF4B36000C57C2 /* Trending.swift in Sources */ = {isa = PBXBuildFile; fileRef = 9D6CB6FD29DF4B36000C57C2 /* Trending.swift */; };
		9D6CB70529DF4CB1000C57C2 /* TrendingViewModel.swift in Sources */ = {isa = PBXBuildFile; fileRef = 9D6CB70429DF4CB1000C57C2 /* TrendingViewModel.swift */; };
		9D6CB70729DF4E43000C57C2 /* TrendingView.swift in Sources */ = {isa = PBXBuildFile; fileRef = 9D6CB70629DF4E43000C57C2 /* TrendingView.swift */; };
		9D6CB70A29DF5600000C57C2 /* StaticJSONMapper.swift in Sources */ = {isa = PBXBuildFile; fileRef = 9D6CB70929DF5600000C57C2 /* StaticJSONMapper.swift */; };
		9D6CB70D29DF56B3000C57C2 /* Trending.json in Resources */ = {isa = PBXBuildFile; fileRef = 9D6CB70C29DF56B3000C57C2 /* Trending.json */; };
		9D6CB70F29DF5909000C57C2 /* TrendingItemView.swift in Sources */ = {isa = PBXBuildFile; fileRef = 9D6CB70E29DF5909000C57C2 /* TrendingItemView.swift */; };
		9D6CB71429DF630C000C57C2 /* Originals.swift in Sources */ = {isa = PBXBuildFile; fileRef = 9D6CB71329DF630C000C57C2 /* Originals.swift */; };
		9D6CB71629DF63B4000C57C2 /* OriginalsView.swift in Sources */ = {isa = PBXBuildFile; fileRef = 9D6CB71529DF63B4000C57C2 /* OriginalsView.swift */; };
		9D6CB71829DF63C6000C57C2 /* OriginalsItemView.swift in Sources */ = {isa = PBXBuildFile; fileRef = 9D6CB71729DF63C6000C57C2 /* OriginalsItemView.swift */; };
		9D6CB71A29DF63D4000C57C2 /* OriginalsViewModel.swift in Sources */ = {isa = PBXBuildFile; fileRef = 9D6CB71929DF63D4000C57C2 /* OriginalsViewModel.swift */; };
		9D6CB71C29DF63FE000C57C2 /* Originals.json in Resources */ = {isa = PBXBuildFile; fileRef = 9D6CB71B29DF63FE000C57C2 /* Originals.json */; };
		9D6CB71E29DF6A19000C57C2 /* TopRated.swift in Sources */ = {isa = PBXBuildFile; fileRef = 9D6CB71D29DF6A19000C57C2 /* TopRated.swift */; };
		9D6CB72029DF6A51000C57C2 /* TopRated.json in Resources */ = {isa = PBXBuildFile; fileRef = 9D6CB71F29DF6A51000C57C2 /* TopRated.json */; };
		9D6CB72529DF6A93000C57C2 /* TopRatedViewModel.swift in Sources */ = {isa = PBXBuildFile; fileRef = 9D6CB72429DF6A93000C57C2 /* TopRatedViewModel.swift */; };
		9D6CB72729DF6A9F000C57C2 /* TopRatedView.swift in Sources */ = {isa = PBXBuildFile; fileRef = 9D6CB72629DF6A9F000C57C2 /* TopRatedView.swift */; };
		9D6CB72929DF6AAC000C57C2 /* TopRatedItemView.swift in Sources */ = {isa = PBXBuildFile; fileRef = 9D6CB72829DF6AAC000C57C2 /* TopRatedItemView.swift */; };
/* End PBXBuildFile section */

/* Begin PBXFileReference section */
		9D57BF9029E0598E00F2CA3E /* GenreView.swift */ = {isa = PBXFileReference; lastKnownFileType = sourcecode.swift; path = GenreView.swift; sourceTree = "<group>"; };
		9D57BF9229E0599C00F2CA3E /* GenreItemView.swift */ = {isa = PBXFileReference; lastKnownFileType = sourcecode.swift; path = GenreItemView.swift; sourceTree = "<group>"; };
		9D57BF9429E059A900F2CA3E /* GenreViewModel.swift */ = {isa = PBXFileReference; lastKnownFileType = sourcecode.swift; path = GenreViewModel.swift; sourceTree = "<group>"; };
		9D57BF9729E05A6A00F2CA3E /* Genre.swift */ = {isa = PBXFileReference; lastKnownFileType = sourcecode.swift; path = Genre.swift; sourceTree = "<group>"; };
		9D57BF9929E05C5200F2CA3E /* Action.json */ = {isa = PBXFileReference; lastKnownFileType = text.json; path = Action.json; sourceTree = "<group>"; };
		9D57BF9B29E05C6E00F2CA3E /* Comedy.json */ = {isa = PBXFileReference; lastKnownFileType = text.json; path = Comedy.json; sourceTree = "<group>"; };
		9D57BF9D29E05C9500F2CA3E /* Horror.json */ = {isa = PBXFileReference; lastKnownFileType = text.json; path = Horror.json; sourceTree = "<group>"; };
		9D57BF9F29E05CB700F2CA3E /* Romance.json */ = {isa = PBXFileReference; lastKnownFileType = text.json; path = Romance.json; sourceTree = "<group>"; };
		9D57BFA129E05CD900F2CA3E /* Documentary.json */ = {isa = PBXFileReference; lastKnownFileType = text.json; path = Documentary.json; sourceTree = "<group>"; };
		9D57BFA329E05D2100F2CA3E /* Category.swift */ = {isa = PBXFileReference; lastKnownFileType = sourcecode.swift; path = Category.swift; sourceTree = "<group>"; };
		9D6CB6E129DF46EB000C57C2 /* Netflix-Clone-SwiftUI.app */ = {isa = PBXFileReference; explicitFileType = wrapper.application; includeInIndex = 0; path = "Netflix-Clone-SwiftUI.app"; sourceTree = BUILT_PRODUCTS_DIR; };
		9D6CB6E429DF46EB000C57C2 /* Netflix_Clone_SwiftUIApp.swift */ = {isa = PBXFileReference; lastKnownFileType = sourcecode.swift; path = Netflix_Clone_SwiftUIApp.swift; sourceTree = "<group>"; };
		9D6CB6E829DF46ED000C57C2 /* Assets.xcassets */ = {isa = PBXFileReference; lastKnownFileType = folder.assetcatalog; path = Assets.xcassets; sourceTree = "<group>"; };
		9D6CB6EB29DF46ED000C57C2 /* Preview Assets.xcassets */ = {isa = PBXFileReference; lastKnownFileType = folder.assetcatalog; path = "Preview Assets.xcassets"; sourceTree = "<group>"; };
		9D6CB6F429DF47A6000C57C2 /* HomeView.swift */ = {isa = PBXFileReference; lastKnownFileType = sourcecode.swift; path = HomeView.swift; sourceTree = "<group>"; };
		9D6CB6FD29DF4B36000C57C2 /* Trending.swift */ = {isa = PBXFileReference; lastKnownFileType = sourcecode.swift; path = Trending.swift; sourceTree = "<group>"; };
		9D6CB70429DF4CB1000C57C2 /* TrendingViewModel.swift */ = {isa = PBXFileReference; lastKnownFileType = sourcecode.swift; path = TrendingViewModel.swift; sourceTree = "<group>"; };
		9D6CB70629DF4E43000C57C2 /* TrendingView.swift */ = {isa = PBXFileReference; lastKnownFileType = sourcecode.swift; path = TrendingView.swift; sourceTree = "<group>"; };
		9D6CB70929DF5600000C57C2 /* StaticJSONMapper.swift */ = {isa = PBXFileReference; lastKnownFileType = sourcecode.swift; path = StaticJSONMapper.swift; sourceTree = "<group>"; };
		9D6CB70C29DF56B3000C57C2 /* Trending.json */ = {isa = PBXFileReference; lastKnownFileType = text.json; path = Trending.json; sourceTree = "<group>"; };
		9D6CB70E29DF5909000C57C2 /* TrendingItemView.swift */ = {isa = PBXFileReference; lastKnownFileType = sourcecode.swift; path = TrendingItemView.swift; sourceTree = "<group>"; };
		9D6CB71329DF630C000C57C2 /* Originals.swift */ = {isa = PBXFileReference; lastKnownFileType = sourcecode.swift; path = Originals.swift; sourceTree = "<group>"; };
		9D6CB71529DF63B4000C57C2 /* OriginalsView.swift */ = {isa = PBXFileReference; lastKnownFileType = sourcecode.swift; path = OriginalsView.swift; sourceTree = "<group>"; };
		9D6CB71729DF63C6000C57C2 /* OriginalsItemView.swift */ = {isa = PBXFileReference; lastKnownFileType = sourcecode.swift; path = OriginalsItemView.swift; sourceTree = "<group>"; };
		9D6CB71929DF63D4000C57C2 /* OriginalsViewModel.swift */ = {isa = PBXFileReference; lastKnownFileType = sourcecode.swift; path = OriginalsViewModel.swift; sourceTree = "<group>"; };
		9D6CB71B29DF63FE000C57C2 /* Originals.json */ = {isa = PBXFileReference; lastKnownFileType = text.json; path = Originals.json; sourceTree = "<group>"; };
		9D6CB71D29DF6A19000C57C2 /* TopRated.swift */ = {isa = PBXFileReference; lastKnownFileType = sourcecode.swift; path = TopRated.swift; sourceTree = "<group>"; };
		9D6CB71F29DF6A51000C57C2 /* TopRated.json */ = {isa = PBXFileReference; lastKnownFileType = text.json; path = TopRated.json; sourceTree = "<group>"; };
		9D6CB72429DF6A93000C57C2 /* TopRatedViewModel.swift */ = {isa = PBXFileReference; lastKnownFileType = sourcecode.swift; path = TopRatedViewModel.swift; sourceTree = "<group>"; };
		9D6CB72629DF6A9F000C57C2 /* TopRatedView.swift */ = {isa = PBXFileReference; lastKnownFileType = sourcecode.swift; path = TopRatedView.swift; sourceTree = "<group>"; };
		9D6CB72829DF6AAC000C57C2 /* TopRatedItemView.swift */ = {isa = PBXFileReference; lastKnownFileType = sourcecode.swift; path = TopRatedItemView.swift; sourceTree = "<group>"; };
/* End PBXFileReference section */

/* Begin PBXFrameworksBuildPhase section */
		9D6CB6DE29DF46EB000C57C2 /* Frameworks */ = {
			isa = PBXFrameworksBuildPhase;
			buildActionMask = 2147483647;
			files = (
			);
			runOnlyForDeploymentPostprocessing = 0;
		};
/* End PBXFrameworksBuildPhase section */

/* Begin PBXGroup section */
		9D57BF8D29E0591900F2CA3E /* Genre */ = {
			isa = PBXGroup;
			children = (
				9D57BF8F29E0592500F2CA3E /* View */,
				9D57BF8E29E0592200F2CA3E /* ViewModel */,
				9D57BF9629E05A5400F2CA3E /* Model */,
			);
			path = Genre;
			sourceTree = "<group>";
		};
		9D57BF8E29E0592200F2CA3E /* ViewModel */ = {
			isa = PBXGroup;
			children = (
				9D57BF9429E059A900F2CA3E /* GenreViewModel.swift */,
			);
			path = ViewModel;
			sourceTree = "<group>";
		};
		9D57BF8F29E0592500F2CA3E /* View */ = {
			isa = PBXGroup;
			children = (
				9D57BF9029E0598E00F2CA3E /* GenreView.swift */,
				9D57BF9229E0599C00F2CA3E /* GenreItemView.swift */,
			);
			path = View;
			sourceTree = "<group>";
		};
		9D57BF9629E05A5400F2CA3E /* Model */ = {
			isa = PBXGroup;
			children = (
				9D57BF9729E05A6A00F2CA3E /* Genre.swift */,
			);
			path = Model;
			sourceTree = "<group>";
		};
		9D6CB6D829DF46EB000C57C2 = {
			isa = PBXGroup;
			children = (
				9D6CB6E329DF46EB000C57C2 /* Netflix-Clone-SwiftUI */,
				9D6CB6E229DF46EB000C57C2 /* Products */,
			);
			sourceTree = "<group>";
		};
		9D6CB6E229DF46EB000C57C2 /* Products */ = {
			isa = PBXGroup;
			children = (
				9D6CB6E129DF46EB000C57C2 /* Netflix-Clone-SwiftUI.app */,
			);
			name = Products;
			sourceTree = "<group>";
		};
		9D6CB6E329DF46EB000C57C2 /* Netflix-Clone-SwiftUI */ = {
			isa = PBXGroup;
			children = (
				9D6CB6F629DF4874000C57C2 /* Base */,
				9D6CB6F229DF478F000C57C2 /* Scenes */,
				9D6CB6E429DF46EB000C57C2 /* Netflix_Clone_SwiftUIApp.swift */,
				9D6CB6E829DF46ED000C57C2 /* Assets.xcassets */,
				9D6CB6EA29DF46ED000C57C2 /* Preview Content */,
			);
			path = "Netflix-Clone-SwiftUI";
			sourceTree = "<group>";
		};
		9D6CB6EA29DF46ED000C57C2 /* Preview Content */ = {
			isa = PBXGroup;
			children = (
				9D6CB6EB29DF46ED000C57C2 /* Preview Assets.xcassets */,
			);
			path = "Preview Content";
			sourceTree = "<group>";
		};
		9D6CB6F229DF478F000C57C2 /* Scenes */ = {
			isa = PBXGroup;
			children = (
				9D57BF8D29E0591900F2CA3E /* Genre */,
				9D6CB72129DF6A71000C57C2 /* TopRated */,
				9D6CB71029DF62BB000C57C2 /* Originals */,
				9D6CB70129DF4C89000C57C2 /* Trending */,
				9D6CB6F329DF4797000C57C2 /* Home */,
			);
			path = Scenes;
			sourceTree = "<group>";
		};
		9D6CB6F329DF4797000C57C2 /* Home */ = {
			isa = PBXGroup;
			children = (
				9D6CB6F429DF47A6000C57C2 /* HomeView.swift */,
			);
			path = Home;
			sourceTree = "<group>";
		};
		9D6CB6F629DF4874000C57C2 /* Base */ = {
			isa = PBXGroup;
			children = (
				9D6CB70B29DF569E000C57C2 /* JSON */,
				9D6CB70829DF55ED000C57C2 /* StaticJSON */,
				9D6CB6FC29DF4B29000C57C2 /* Model */,
			);
			path = Base;
			sourceTree = "<group>";
		};
		9D6CB6FC29DF4B29000C57C2 /* Model */ = {
			isa = PBXGroup;
			children = (
				9D6CB6FD29DF4B36000C57C2 /* Trending.swift */,
				9D6CB71329DF630C000C57C2 /* Originals.swift */,
				9D6CB71D29DF6A19000C57C2 /* TopRated.swift */,
				9D57BFA329E05D2100F2CA3E /* Category.swift */,
			);
			path = Model;
			sourceTree = "<group>";
		};
		9D6CB70129DF4C89000C57C2 /* Trending */ = {
			isa = PBXGroup;
			children = (
				9D6CB70329DF4C9C000C57C2 /* View */,
				9D6CB70229DF4C93000C57C2 /* ViewModel */,
			);
			path = Trending;
			sourceTree = "<group>";
		};
		9D6CB70229DF4C93000C57C2 /* ViewModel */ = {
			isa = PBXGroup;
			children = (
				9D6CB70429DF4CB1000C57C2 /* TrendingViewModel.swift */,
			);
			path = ViewModel;
			sourceTree = "<group>";
		};
		9D6CB70329DF4C9C000C57C2 /* View */ = {
			isa = PBXGroup;
			children = (
				9D6CB70629DF4E43000C57C2 /* TrendingView.swift */,
				9D6CB70E29DF5909000C57C2 /* TrendingItemView.swift */,
			);
			path = View;
			sourceTree = "<group>";
		};
		9D6CB70829DF55ED000C57C2 /* StaticJSON */ = {
			isa = PBXGroup;
			children = (
				9D6CB70929DF5600000C57C2 /* StaticJSONMapper.swift */,
			);
			path = StaticJSON;
			sourceTree = "<group>";
		};
		9D6CB70B29DF569E000C57C2 /* JSON */ = {
			isa = PBXGroup;
			children = (
				9D6CB70C29DF56B3000C57C2 /* Trending.json */,
				9D6CB71B29DF63FE000C57C2 /* Originals.json */,
				9D6CB71F29DF6A51000C57C2 /* TopRated.json */,
				9D57BF9929E05C5200F2CA3E /* Action.json */,
				9D57BF9B29E05C6E00F2CA3E /* Comedy.json */,
				9D57BF9D29E05C9500F2CA3E /* Horror.json */,
				9D57BF9F29E05CB700F2CA3E /* Romance.json */,
				9D57BFA129E05CD900F2CA3E /* Documentary.json */,
			);
			path = JSON;
			sourceTree = "<group>";
		};
		9D6CB71029DF62BB000C57C2 /* Originals */ = {
			isa = PBXGroup;
			children = (
				9D6CB71229DF62C4000C57C2 /* View */,
				9D6CB71129DF62C2000C57C2 /* ViewModel */,
			);
			path = Originals;
			sourceTree = "<group>";
		};
		9D6CB71129DF62C2000C57C2 /* ViewModel */ = {
			isa = PBXGroup;
			children = (
				9D6CB71929DF63D4000C57C2 /* OriginalsViewModel.swift */,
			);
			path = ViewModel;
			sourceTree = "<group>";
		};
		9D6CB71229DF62C4000C57C2 /* View */ = {
			isa = PBXGroup;
			children = (
				9D6CB71529DF63B4000C57C2 /* OriginalsView.swift */,
				9D6CB71729DF63C6000C57C2 /* OriginalsItemView.swift */,
			);
			path = View;
			sourceTree = "<group>";
		};
		9D6CB72129DF6A71000C57C2 /* TopRated */ = {
			isa = PBXGroup;
			children = (
				9D6CB72329DF6A7C000C57C2 /* View */,
				9D6CB72229DF6A79000C57C2 /* ViewModel */,
			);
			path = TopRated;
			sourceTree = "<group>";
		};
		9D6CB72229DF6A79000C57C2 /* ViewModel */ = {
			isa = PBXGroup;
			children = (
				9D6CB72429DF6A93000C57C2 /* TopRatedViewModel.swift */,
			);
			path = ViewModel;
			sourceTree = "<group>";
		};
		9D6CB72329DF6A7C000C57C2 /* View */ = {
			isa = PBXGroup;
			children = (
				9D6CB72629DF6A9F000C57C2 /* TopRatedView.swift */,
				9D6CB72829DF6AAC000C57C2 /* TopRatedItemView.swift */,
			);
			path = View;
			sourceTree = "<group>";
		};
/* End PBXGroup section */

/* Begin PBXNativeTarget section */
		9D6CB6E029DF46EB000C57C2 /* Netflix-Clone-SwiftUI */ = {
			isa = PBXNativeTarget;
			buildConfigurationList = 9D6CB6EF29DF46ED000C57C2 /* Build configuration list for PBXNativeTarget "Netflix-Clone-SwiftUI" */;
			buildPhases = (
				9D6CB6DD29DF46EB000C57C2 /* Sources */,
				9D6CB6DE29DF46EB000C57C2 /* Frameworks */,
				9D6CB6DF29DF46EB000C57C2 /* Resources */,
			);
			buildRules = (
			);
			dependencies = (
			);
			name = "Netflix-Clone-SwiftUI";
			productName = "Netflix-Clone-SwiftUI";
			productReference = 9D6CB6E129DF46EB000C57C2 /* Netflix-Clone-SwiftUI.app */;
			productType = "com.apple.product-type.application";
		};
/* End PBXNativeTarget section */

/* Begin PBXProject section */
		9D6CB6D929DF46EB000C57C2 /* Project object */ = {
			isa = PBXProject;
			attributes = {
				BuildIndependentTargetsInParallel = 1;
				LastSwiftUpdateCheck = 1420;
				LastUpgradeCheck = 1420;
				TargetAttributes = {
					9D6CB6E029DF46EB000C57C2 = {
						CreatedOnToolsVersion = 14.2;
					};
				};
			};
			buildConfigurationList = 9D6CB6DC29DF46EB000C57C2 /* Build configuration list for PBXProject "Netflix-Clone-SwiftUI" */;
			compatibilityVersion = "Xcode 14.0";
			developmentRegion = en;
			hasScannedForEncodings = 0;
			knownRegions = (
				en,
				Base,
			);
			mainGroup = 9D6CB6D829DF46EB000C57C2;
			productRefGroup = 9D6CB6E229DF46EB000C57C2 /* Products */;
			projectDirPath = "";
			projectRoot = "";
			targets = (
				9D6CB6E029DF46EB000C57C2 /* Netflix-Clone-SwiftUI */,
			);
		};
/* End PBXProject section */

/* Begin PBXResourcesBuildPhase section */
		9D6CB6DF29DF46EB000C57C2 /* Resources */ = {
			isa = PBXResourcesBuildPhase;
			buildActionMask = 2147483647;
			files = (
				9D6CB6EC29DF46ED000C57C2 /* Preview Assets.xcassets in Resources */,
				9D57BF9C29E05C6E00F2CA3E /* Comedy.json in Resources */,
				9D57BF9A29E05C5200F2CA3E /* Action.json in Resources */,
				9D57BFA029E05CB700F2CA3E /* Romance.json in Resources */,
				9D6CB6E929DF46ED000C57C2 /* Assets.xcassets in Resources */,
				9D6CB72029DF6A51000C57C2 /* TopRated.json in Resources */,
				9D6CB71C29DF63FE000C57C2 /* Originals.json in Resources */,
				9D57BFA229E05CD900F2CA3E /* Documentary.json in Resources */,
				9D6CB70D29DF56B3000C57C2 /* Trending.json in Resources */,
				9D57BF9E29E05C9500F2CA3E /* Horror.json in Resources */,
			);
			runOnlyForDeploymentPostprocessing = 0;
		};
/* End PBXResourcesBuildPhase section */

/* Begin PBXSourcesBuildPhase section */
		9D6CB6DD29DF46EB000C57C2 /* Sources */ = {
			isa = PBXSourcesBuildPhase;
			buildActionMask = 2147483647;
			files = (
				9D6CB72929DF6AAC000C57C2 /* TopRatedItemView.swift in Sources */,
				9D6CB70A29DF5600000C57C2 /* StaticJSONMapper.swift in Sources */,
				9D6CB72529DF6A93000C57C2 /* TopRatedViewModel.swift in Sources */,
				9D6CB70729DF4E43000C57C2 /* TrendingView.swift in Sources */,
				9D57BF9529E059A900F2CA3E /* GenreViewModel.swift in Sources */,
				9D6CB71429DF630C000C57C2 /* Originals.swift in Sources */,
				9D6CB6FE29DF4B36000C57C2 /* Trending.swift in Sources */,
				9D57BF9829E05A6A00F2CA3E /* Genre.swift in Sources */,
				9D57BF9129E0598E00F2CA3E /* GenreView.swift in Sources */,
				9D6CB70F29DF5909000C57C2 /* TrendingItemView.swift in Sources */,
				9D6CB70529DF4CB1000C57C2 /* TrendingViewModel.swift in Sources */,
				9D57BFA429E05D2100F2CA3E /* Category.swift in Sources */,
				9D6CB6F529DF47A6000C57C2 /* HomeView.swift in Sources */,
				9D6CB71629DF63B4000C57C2 /* OriginalsView.swift in Sources */,
				9D6CB71E29DF6A19000C57C2 /* TopRated.swift in Sources */,
				9D6CB71829DF63C6000C57C2 /* OriginalsItemView.swift in Sources */,
				9D57BF9329E0599C00F2CA3E /* GenreItemView.swift in Sources */,
				9D6CB6E529DF46EB000C57C2 /* Netflix_Clone_SwiftUIApp.swift in Sources */,
				9D6CB71A29DF63D4000C57C2 /* OriginalsViewModel.swift in Sources */,
				9D6CB72729DF6A9F000C57C2 /* TopRatedView.swift in Sources */,
			);
			runOnlyForDeploymentPostprocessing = 0;
		};
/* End PBXSourcesBuildPhase section */

/* Begin XCBuildConfiguration section */
		9D6CB6ED29DF46ED000C57C2 /* Debug */ = {
			isa = XCBuildConfiguration;
			buildSettings = {
				ALWAYS_SEARCH_USER_PATHS = NO;
				CLANG_ANALYZER_NONNULL = YES;
				CLANG_ANALYZER_NUMBER_OBJECT_CONVERSION = YES_AGGRESSIVE;
				CLANG_CXX_LANGUAGE_STANDARD = "gnu++20";
				CLANG_ENABLE_MODULES = YES;
				CLANG_ENABLE_OBJC_ARC = YES;
				CLANG_ENABLE_OBJC_WEAK = YES;
				CLANG_WARN_BLOCK_CAPTURE_AUTORELEASING = YES;
				CLANG_WARN_BOOL_CONVERSION = YES;
				CLANG_WARN_COMMA = YES;
				CLANG_WARN_CONSTANT_CONVERSION = YES;
				CLANG_WARN_DEPRECATED_OBJC_IMPLEMENTATIONS = YES;
				CLANG_WARN_DIRECT_OBJC_ISA_USAGE = YES_ERROR;
				CLANG_WARN_DOCUMENTATION_COMMENTS = YES;
				CLANG_WARN_EMPTY_BODY = YES;
				CLANG_WARN_ENUM_CONVERSION = YES;
				CLANG_WARN_INFINITE_RECURSION = YES;
				CLANG_WARN_INT_CONVERSION = YES;
				CLANG_WARN_NON_LITERAL_NULL_CONVERSION = YES;
				CLANG_WARN_OBJC_IMPLICIT_RETAIN_SELF = YES;
				CLANG_WARN_OBJC_LITERAL_CONVERSION = YES;
				CLANG_WARN_OBJC_ROOT_CLASS = YES_ERROR;
				CLANG_WARN_QUOTED_INCLUDE_IN_FRAMEWORK_HEADER = YES;
				CLANG_WARN_RANGE_LOOP_ANALYSIS = YES;
				CLANG_WARN_STRICT_PROTOTYPES = YES;
				CLANG_WARN_SUSPICIOUS_MOVE = YES;
				CLANG_WARN_UNGUARDED_AVAILABILITY = YES_AGGRESSIVE;
				CLANG_WARN_UNREACHABLE_CODE = YES;
				CLANG_WARN__DUPLICATE_METHOD_MATCH = YES;
				COPY_PHASE_STRIP = NO;
				DEBUG_INFORMATION_FORMAT = dwarf;
				ENABLE_STRICT_OBJC_MSGSEND = YES;
				ENABLE_TESTABILITY = YES;
				GCC_C_LANGUAGE_STANDARD = gnu11;
				GCC_DYNAMIC_NO_PIC = NO;
				GCC_NO_COMMON_BLOCKS = YES;
				GCC_OPTIMIZATION_LEVEL = 0;
				GCC_PREPROCESSOR_DEFINITIONS = (
					"DEBUG=1",
					"$(inherited)",
				);
				GCC_WARN_64_TO_32_BIT_CONVERSION = YES;
				GCC_WARN_ABOUT_RETURN_TYPE = YES_ERROR;
				GCC_WARN_UNDECLARED_SELECTOR = YES;
				GCC_WARN_UNINITIALIZED_AUTOS = YES_AGGRESSIVE;
				GCC_WARN_UNUSED_FUNCTION = YES;
				GCC_WARN_UNUSED_VARIABLE = YES;
				IPHONEOS_DEPLOYMENT_TARGET = 16.2;
				MTL_ENABLE_DEBUG_INFO = INCLUDE_SOURCE;
				MTL_FAST_MATH = YES;
				ONLY_ACTIVE_ARCH = YES;
				SDKROOT = iphoneos;
				SWIFT_ACTIVE_COMPILATION_CONDITIONS = DEBUG;
				SWIFT_OPTIMIZATION_LEVEL = "-Onone";
			};
			name = Debug;
		};
		9D6CB6EE29DF46ED000C57C2 /* Release */ = {
			isa = XCBuildConfiguration;
			buildSettings = {
				ALWAYS_SEARCH_USER_PATHS = NO;
				CLANG_ANALYZER_NONNULL = YES;
				CLANG_ANALYZER_NUMBER_OBJECT_CONVERSION = YES_AGGRESSIVE;
				CLANG_CXX_LANGUAGE_STANDARD = "gnu++20";
				CLANG_ENABLE_MODULES = YES;
				CLANG_ENABLE_OBJC_ARC = YES;
				CLANG_ENABLE_OBJC_WEAK = YES;
				CLANG_WARN_BLOCK_CAPTURE_AUTORELEASING = YES;
				CLANG_WARN_BOOL_CONVERSION = YES;
				CLANG_WARN_COMMA = YES;
				CLANG_WARN_CONSTANT_CONVERSION = YES;
				CLANG_WARN_DEPRECATED_OBJC_IMPLEMENTATIONS = YES;
				CLANG_WARN_DIRECT_OBJC_ISA_USAGE = YES_ERROR;
				CLANG_WARN_DOCUMENTATION_COMMENTS = YES;
				CLANG_WARN_EMPTY_BODY = YES;
				CLANG_WARN_ENUM_CONVERSION = YES;
				CLANG_WARN_INFINITE_RECURSION = YES;
				CLANG_WARN_INT_CONVERSION = YES;
				CLANG_WARN_NON_LITERAL_NULL_CONVERSION = YES;
				CLANG_WARN_OBJC_IMPLICIT_RETAIN_SELF = YES;
				CLANG_WARN_OBJC_LITERAL_CONVERSION = YES;
				CLANG_WARN_OBJC_ROOT_CLASS = YES_ERROR;
				CLANG_WARN_QUOTED_INCLUDE_IN_FRAMEWORK_HEADER = YES;
				CLANG_WARN_RANGE_LOOP_ANALYSIS = YES;
				CLANG_WARN_STRICT_PROTOTYPES = YES;
				CLANG_WARN_SUSPICIOUS_MOVE = YES;
				CLANG_WARN_UNGUARDED_AVAILABILITY = YES_AGGRESSIVE;
				CLANG_WARN_UNREACHABLE_CODE = YES;
				CLANG_WARN__DUPLICATE_METHOD_MATCH = YES;
				COPY_PHASE_STRIP = NO;
				DEBUG_INFORMATION_FORMAT = "dwarf-with-dsym";
				ENABLE_NS_ASSERTIONS = NO;
				ENABLE_STRICT_OBJC_MSGSEND = YES;
				GCC_C_LANGUAGE_STANDARD = gnu11;
				GCC_NO_COMMON_BLOCKS = YES;
				GCC_WARN_64_TO_32_BIT_CONVERSION = YES;
				GCC_WARN_ABOUT_RETURN_TYPE = YES_ERROR;
				GCC_WARN_UNDECLARED_SELECTOR = YES;
				GCC_WARN_UNINITIALIZED_AUTOS = YES_AGGRESSIVE;
				GCC_WARN_UNUSED_FUNCTION = YES;
				GCC_WARN_UNUSED_VARIABLE = YES;
				IPHONEOS_DEPLOYMENT_TARGET = 16.2;
				MTL_ENABLE_DEBUG_INFO = NO;
				MTL_FAST_MATH = YES;
				SDKROOT = iphoneos;
				SWIFT_COMPILATION_MODE = wholemodule;
				SWIFT_OPTIMIZATION_LEVEL = "-O";
				VALIDATE_PRODUCT = YES;
			};
			name = Release;
		};
		9D6CB6F029DF46ED000C57C2 /* Debug */ = {
			isa = XCBuildConfiguration;
			buildSettings = {
				ASSETCATALOG_COMPILER_APPICON_NAME = AppIcon;
				ASSETCATALOG_COMPILER_GLOBAL_ACCENT_COLOR_NAME = AccentColor;
				CODE_SIGN_STYLE = Automatic;
				CURRENT_PROJECT_VERSION = 1;
				DEVELOPMENT_ASSET_PATHS = "\"Netflix-Clone-SwiftUI/Preview Content\"";
				ENABLE_PREVIEWS = YES;
				GENERATE_INFOPLIST_FILE = YES;
				INFOPLIST_KEY_UIApplicationSceneManifest_Generation = YES;
				INFOPLIST_KEY_UIApplicationSupportsIndirectInputEvents = YES;
				INFOPLIST_KEY_UILaunchScreen_Generation = YES;
				INFOPLIST_KEY_UISupportedInterfaceOrientations_iPad = "UIInterfaceOrientationPortrait UIInterfaceOrientationPortraitUpsideDown UIInterfaceOrientationLandscapeLeft UIInterfaceOrientationLandscapeRight";
				INFOPLIST_KEY_UISupportedInterfaceOrientations_iPhone = "UIInterfaceOrientationPortrait UIInterfaceOrientationLandscapeLeft UIInterfaceOrientationLandscapeRight";
				LD_RUNPATH_SEARCH_PATHS = (
					"$(inherited)",
					"@executable_path/Frameworks",
				);
				MARKETING_VERSION = 1.0;
				PRODUCT_BUNDLE_IDENTIFIER = "maxvalek.Netflix-Clone-SwiftUI";
				PRODUCT_NAME = "$(TARGET_NAME)";
				SWIFT_EMIT_LOC_STRINGS = YES;
				SWIFT_VERSION = 5.0;
				TARGETED_DEVICE_FAMILY = "1,2";
			};
			name = Debug;
		};
		9D6CB6F129DF46ED000C57C2 /* Release */ = {
			isa = XCBuildConfiguration;
			buildSettings = {
				ASSETCATALOG_COMPILER_APPICON_NAME = AppIcon;
				ASSETCATALOG_COMPILER_GLOBAL_ACCENT_COLOR_NAME = AccentColor;
				CODE_SIGN_STYLE = Automatic;
				CURRENT_PROJECT_VERSION = 1;
				DEVELOPMENT_ASSET_PATHS = "\"Netflix-Clone-SwiftUI/Preview Content\"";
				ENABLE_PREVIEWS = YES;
				GENERATE_INFOPLIST_FILE = YES;
				INFOPLIST_KEY_UIApplicationSceneManifest_Generation = YES;
				INFOPLIST_KEY_UIApplicationSupportsIndirectInputEvents = YES;
				INFOPLIST_KEY_UILaunchScreen_Generation = YES;
				INFOPLIST_KEY_UISupportedInterfaceOrientations_iPad = "UIInterfaceOrientationPortrait UIInterfaceOrientationPortraitUpsideDown UIInterfaceOrientationLandscapeLeft UIInterfaceOrientationLandscapeRight";
				INFOPLIST_KEY_UISupportedInterfaceOrientations_iPhone = "UIInterfaceOrientationPortrait UIInterfaceOrientationLandscapeLeft UIInterfaceOrientationLandscapeRight";
				LD_RUNPATH_SEARCH_PATHS = (
					"$(inherited)",
					"@executable_path/Frameworks",
				);
				MARKETING_VERSION = 1.0;
				PRODUCT_BUNDLE_IDENTIFIER = "maxvalek.Netflix-Clone-SwiftUI";
				PRODUCT_NAME = "$(TARGET_NAME)";
				SWIFT_EMIT_LOC_STRINGS = YES;
				SWIFT_VERSION = 5.0;
				TARGETED_DEVICE_FAMILY = "1,2";
			};
			name = Release;
		};
/* End XCBuildConfiguration section */

/* Begin XCConfigurationList section */
		9D6CB6DC29DF46EB000C57C2 /* Build configuration list for PBXProject "Netflix-Clone-SwiftUI" */ = {
			isa = XCConfigurationList;
			buildConfigurations = (
				9D6CB6ED29DF46ED000C57C2 /* Debug */,
				9D6CB6EE29DF46ED000C57C2 /* Release */,
			);
			defaultConfigurationIsVisible = 0;
			defaultConfigurationName = Release;
		};
		9D6CB6EF29DF46ED000C57C2 /* Build configuration list for PBXNativeTarget "Netflix-Clone-SwiftUI" */ = {
			isa = XCConfigurationList;
			buildConfigurations = (
				9D6CB6F029DF46ED000C57C2 /* Debug */,
				9D6CB6F129DF46ED000C57C2 /* Release */,
			);
			defaultConfigurationIsVisible = 0;
			defaultConfigurationName = Release;
		};
/* End XCConfigurationList section */
	};
	rootObject = 9D6CB6D929DF46EB000C57C2 /* Project object */;
}
