// !$*UTF8*$!
{
	archiveVersion = 1;
	classes = {
	};
	objectVersion = 56;
	objects = {

/* Begin PBXBuildFile section */
		9D57BF9A29E05C5200F2CA3E /* Action.json in Resources */ = {isa = PBXBuildFile; fileRef = 9D57BF9929E05C5200F2CA3E /* Action.json */; };
		9D57BF9C29E05C6E00F2CA3E /* Comedy.json in Resources */ = {isa = PBXBuildFile; fileRef = 9D57BF9B29E05C6E00F2CA3E /* Comedy.json */; };
		9D57BF9E29E05C9500F2CA3E /* Horror.json in Resources */ = {isa = PBXBuildFile; fileRef = 9D57BF9D29E05C9500F2CA3E /* Horror.json */; };
		9D57BFA029E05CB700F2CA3E /* Romance.json in Resources */ = {isa = PBXBuildFile; fileRef = 9D57BF9F29E05CB700F2CA3E /* Romance.json */; };
		9D57BFA229E05CD900F2CA3E /* Documentary.json in Resources */ = {isa = PBXBuildFile; fileRef = 9D57BFA129E05CD900F2CA3E /* Documentary.json */; };
		9D6CB6E529DF46EB000C57C2 /* Netflix_Clone_SwiftUIApp.swift in Sources */ = {isa = PBXBuildFile; fileRef = 9D6CB6E429DF46EB000C57C2 /* Netflix_Clone_SwiftUIApp.swift */; };
		9D6CB6E929DF46ED000C57C2 /* Assets.xcassets in Resources */ = {isa = PBXBuildFile; fileRef = 9D6CB6E829DF46ED000C57C2 /* Assets.xcassets */; };
		9D6CB6EC29DF46ED000C57C2 /* Preview Assets.xcassets in Resources */ = {isa = PBXBuildFile; fileRef = 9D6CB6EB29DF46ED000C57C2 /* Preview Assets.xcassets */; };
		9D6CB6F529DF47A6000C57C2 /* HomeView.swift in Sources */ = {isa = PBXBuildFile; fileRef = 9D6CB6F429DF47A6000C57C2 /* HomeView.swift */; };
		9D6CB70A29DF5600000C57C2 /* StaticJSONMapper.swift in Sources */ = {isa = PBXBuildFile; fileRef = 9D6CB70929DF5600000C57C2 /* StaticJSONMapper.swift */; };
		9D6CB70D29DF56B3000C57C2 /* Trending.json in Resources */ = {isa = PBXBuildFile; fileRef = 9D6CB70C29DF56B3000C57C2 /* Trending.json */; };
		9D6CB71C29DF63FE000C57C2 /* Originals.json in Resources */ = {isa = PBXBuildFile; fileRef = 9D6CB71B29DF63FE000C57C2 /* Originals.json */; };
		9D6CB72029DF6A51000C57C2 /* TopRated.json in Resources */ = {isa = PBXBuildFile; fileRef = 9D6CB71F29DF6A51000C57C2 /* TopRated.json */; };
		9DB8D11229E071CD0023B857 /* TopView.swift in Sources */ = {isa = PBXBuildFile; fileRef = 9DB8D11129E071CD0023B857 /* TopView.swift */; };
		9DE4FAE729E1B2ED0017E7B5 /* MainView.swift in Sources */ = {isa = PBXBuildFile; fileRef = 9DE4FAE629E1B2ED0017E7B5 /* MainView.swift */; };
		9DE4FAED29E1B5240017E7B5 /* NewAndHotView.swift in Sources */ = {isa = PBXBuildFile; fileRef = 9DE4FAEC29E1B5240017E7B5 /* NewAndHotView.swift */; };
		9DE4FAEF29E1B5370017E7B5 /* FastLaughsView.swift in Sources */ = {isa = PBXBuildFile; fileRef = 9DE4FAEE29E1B5370017E7B5 /* FastLaughsView.swift */; };
		9DE4FAF129E1B5440017E7B5 /* DownloadsView.swift in Sources */ = {isa = PBXBuildFile; fileRef = 9DE4FAF029E1B5440017E7B5 /* DownloadsView.swift */; };
		9DEAF34329E0C75400AF9DE1 /* ItemsList.swift in Sources */ = {isa = PBXBuildFile; fileRef = 9DEAF34229E0C75400AF9DE1 /* ItemsList.swift */; };
		9DEAF34D29E0D0E300AF9DE1 /* CategoryView.swift in Sources */ = {isa = PBXBuildFile; fileRef = 9DEAF34C29E0D0E300AF9DE1 /* CategoryView.swift */; };
		9DEAF34F29E0D0F200AF9DE1 /* CategoryItemView.swift in Sources */ = {isa = PBXBuildFile; fileRef = 9DEAF34E29E0D0F200AF9DE1 /* CategoryItemView.swift */; };
		9DEAF35129E0D10500AF9DE1 /* CategoryViewModel.swift in Sources */ = {isa = PBXBuildFile; fileRef = 9DEAF35029E0D10500AF9DE1 /* CategoryViewModel.swift */; };
		9DEAF35329E0D10F00AF9DE1 /* Category.swift in Sources */ = {isa = PBXBuildFile; fileRef = 9DEAF35229E0D10F00AF9DE1 /* Category.swift */; };
		9DEAF35729E0E5AA00AF9DE1 /* CategoryItemDetailView.swift in Sources */ = {isa = PBXBuildFile; fileRef = 9DEAF35629E0E5AA00AF9DE1 /* CategoryItemDetailView.swift */; };
/* End PBXBuildFile section */

/* Begin PBXFileReference section */
		9D57BF9929E05C5200F2CA3E /* Action.json */ = {isa = PBXFileReference; lastKnownFileType = text.json; path = Action.json; sourceTree = "<group>"; };
		9D57BF9B29E05C6E00F2CA3E /* Comedy.json */ = {isa = PBXFileReference; lastKnownFileType = text.json; path = Comedy.json; sourceTree = "<group>"; };
		9D57BF9D29E05C9500F2CA3E /* Horror.json */ = {isa = PBXFileReference; lastKnownFileType = text.json; path = Horror.json; sourceTree = "<group>"; };
		9D57BF9F29E05CB700F2CA3E /* Romance.json */ = {isa = PBXFileReference; lastKnownFileType = text.json; path = Romance.json; sourceTree = "<group>"; };
		9D57BFA129E05CD900F2CA3E /* Documentary.json */ = {isa = PBXFileReference; lastKnownFileType = text.json; path = Documentary.json; sourceTree = "<group>"; };
		9D6CB6E129DF46EB000C57C2 /* Netflix-Clone-SwiftUI.app */ = {isa = PBXFileReference; explicitFileType = wrapper.application; includeInIndex = 0; path = "Netflix-Clone-SwiftUI.app"; sourceTree = BUILT_PRODUCTS_DIR; };
		9D6CB6E429DF46EB000C57C2 /* Netflix_Clone_SwiftUIApp.swift */ = {isa = PBXFileReference; lastKnownFileType = sourcecode.swift; path = Netflix_Clone_SwiftUIApp.swift; sourceTree = "<group>"; };
		9D6CB6E829DF46ED000C57C2 /* Assets.xcassets */ = {isa = PBXFileReference; lastKnownFileType = folder.assetcatalog; path = Assets.xcassets; sourceTree = "<group>"; };
		9D6CB6EB29DF46ED000C57C2 /* Preview Assets.xcassets */ = {isa = PBXFileReference; lastKnownFileType = folder.assetcatalog; path = "Preview Assets.xcassets"; sourceTree = "<group>"; };
		9D6CB6F429DF47A6000C57C2 /* HomeView.swift */ = {isa = PBXFileReference; lastKnownFileType = sourcecode.swift; path = HomeView.swift; sourceTree = "<group>"; };
		9D6CB70929DF5600000C57C2 /* StaticJSONMapper.swift */ = {isa = PBXFileReference; lastKnownFileType = sourcecode.swift; path = StaticJSONMapper.swift; sourceTree = "<group>"; };
		9D6CB70C29DF56B3000C57C2 /* Trending.json */ = {isa = PBXFileReference; lastKnownFileType = text.json; path = Trending.json; sourceTree = "<group>"; };
		9D6CB71B29DF63FE000C57C2 /* Originals.json */ = {isa = PBXFileReference; lastKnownFileType = text.json; path = Originals.json; sourceTree = "<group>"; };
		9D6CB71F29DF6A51000C57C2 /* TopRated.json */ = {isa = PBXFileReference; lastKnownFileType = text.json; path = TopRated.json; sourceTree = "<group>"; };
		9DB8D10F29E06C3D0023B857 /* Info.plist */ = {isa = PBXFileReference; lastKnownFileType = text.plist; path = Info.plist; sourceTree = "<group>"; };
		9DB8D11129E071CD0023B857 /* TopView.swift */ = {isa = PBXFileReference; lastKnownFileType = sourcecode.swift; path = TopView.swift; sourceTree = "<group>"; };
		9DE4FAE629E1B2ED0017E7B5 /* MainView.swift */ = {isa = PBXFileReference; lastKnownFileType = sourcecode.swift; path = MainView.swift; sourceTree = "<group>"; };
		9DE4FAEC29E1B5240017E7B5 /* NewAndHotView.swift */ = {isa = PBXFileReference; lastKnownFileType = sourcecode.swift; path = NewAndHotView.swift; sourceTree = "<group>"; };
		9DE4FAEE29E1B5370017E7B5 /* FastLaughsView.swift */ = {isa = PBXFileReference; lastKnownFileType = sourcecode.swift; path = FastLaughsView.swift; sourceTree = "<group>"; };
		9DE4FAF029E1B5440017E7B5 /* DownloadsView.swift */ = {isa = PBXFileReference; lastKnownFileType = sourcecode.swift; path = DownloadsView.swift; sourceTree = "<group>"; };
		9DEAF34229E0C75400AF9DE1 /* ItemsList.swift */ = {isa = PBXFileReference; lastKnownFileType = sourcecode.swift; path = ItemsList.swift; sourceTree = "<group>"; };
		9DEAF34C29E0D0E300AF9DE1 /* CategoryView.swift */ = {isa = PBXFileReference; lastKnownFileType = sourcecode.swift; path = CategoryView.swift; sourceTree = "<group>"; };
		9DEAF34E29E0D0F200AF9DE1 /* CategoryItemView.swift */ = {isa = PBXFileReference; lastKnownFileType = sourcecode.swift; path = CategoryItemView.swift; sourceTree = "<group>"; };
		9DEAF35029E0D10500AF9DE1 /* CategoryViewModel.swift */ = {isa = PBXFileReference; lastKnownFileType = sourcecode.swift; path = CategoryViewModel.swift; sourceTree = "<group>"; };
		9DEAF35229E0D10F00AF9DE1 /* Category.swift */ = {isa = PBXFileReference; lastKnownFileType = sourcecode.swift; path = Category.swift; sourceTree = "<group>"; };
		9DEAF35629E0E5AA00AF9DE1 /* CategoryItemDetailView.swift */ = {isa = PBXFileReference; lastKnownFileType = sourcecode.swift; path = CategoryItemDetailView.swift; sourceTree = "<group>"; };
/* End PBXFileReference section */

/* Begin PBXFrameworksBuildPhase section */
		9D6CB6DE29DF46EB000C57C2 /* Frameworks */ = {
			isa = PBXFrameworksBuildPhase;
			buildActionMask = 2147483647;
			files = (
			);
			runOnlyForDeploymentPostprocessing = 0;
		};
/* End PBXFrameworksBuildPhase section */

/* Begin PBXGroup section */
		9D6CB6D829DF46EB000C57C2 = {
			isa = PBXGroup;
			children = (
				9D6CB6E329DF46EB000C57C2 /* Netflix-Clone-SwiftUI */,
				9D6CB6E229DF46EB000C57C2 /* Products */,
			);
			sourceTree = "<group>";
		};
		9D6CB6E229DF46EB000C57C2 /* Products */ = {
			isa = PBXGroup;
			children = (
				9D6CB6E129DF46EB000C57C2 /* Netflix-Clone-SwiftUI.app */,
			);
			name = Products;
			sourceTree = "<group>";
		};
		9D6CB6E329DF46EB000C57C2 /* Netflix-Clone-SwiftUI */ = {
			isa = PBXGroup;
			children = (
				9DB8D10F29E06C3D0023B857 /* Info.plist */,
				9D6CB6F629DF4874000C57C2 /* Base */,
				9D6CB6F229DF478F000C57C2 /* Scenes */,
				9D6CB6E429DF46EB000C57C2 /* Netflix_Clone_SwiftUIApp.swift */,
				9D6CB6E829DF46ED000C57C2 /* Assets.xcassets */,
				9D6CB6EA29DF46ED000C57C2 /* Preview Content */,
			);
			path = "Netflix-Clone-SwiftUI";
			sourceTree = "<group>";
		};
		9D6CB6EA29DF46ED000C57C2 /* Preview Content */ = {
			isa = PBXGroup;
			children = (
				9D6CB6EB29DF46ED000C57C2 /* Preview Assets.xcassets */,
			);
			path = "Preview Content";
			sourceTree = "<group>";
		};
		9D6CB6F229DF478F000C57C2 /* Scenes */ = {
			isa = PBXGroup;
			children = (
				9D6CB6F329DF4797000C57C2 /* Home */,
				9DE4FAE429E1B2160017E7B5 /* NewAndHot */,
				9DE4FAE329E1B2120017E7B5 /* FastLaughs */,
				9DE4FAE229E1B20D0017E7B5 /* Downloads */,
			);
			path = Scenes;
			sourceTree = "<group>";
		};
		9D6CB6F329DF4797000C57C2 /* Home */ = {
			isa = PBXGroup;
			children = (
				9DE4FAE829E1B4E00017E7B5 /* View */,
				9DEAF34829E0D07500AF9DE1 /* Category */,
			);
			path = Home;
			sourceTree = "<group>";
		};
		9D6CB6F629DF4874000C57C2 /* Base */ = {
			isa = PBXGroup;
			children = (
				9DE4FAF229E1B7D50017E7B5 /* Components */,
				9DE4FAE529E1B2D50017E7B5 /* Main */,
				9D6CB70829DF55ED000C57C2 /* StaticJSON */,
				9D6CB6FC29DF4B29000C57C2 /* Model */,
			);
			path = Base;
			sourceTree = "<group>";
		};
		9D6CB6FC29DF4B29000C57C2 /* Model */ = {
			isa = PBXGroup;
			children = (
				9DEAF34229E0C75400AF9DE1 /* ItemsList.swift */,
			);
			path = Model;
			sourceTree = "<group>";
		};
		9D6CB70829DF55ED000C57C2 /* StaticJSON */ = {
			isa = PBXGroup;
			children = (
				9DEAF35529E0D9B800AF9DE1 /* Mapper */,
				9D6CB70B29DF569E000C57C2 /* JSON */,
			);
			path = StaticJSON;
			sourceTree = "<group>";
		};
		9D6CB70B29DF569E000C57C2 /* JSON */ = {
			isa = PBXGroup;
			children = (
				9D6CB70C29DF56B3000C57C2 /* Trending.json */,
				9D6CB71B29DF63FE000C57C2 /* Originals.json */,
				9D6CB71F29DF6A51000C57C2 /* TopRated.json */,
				9D57BF9929E05C5200F2CA3E /* Action.json */,
				9D57BF9B29E05C6E00F2CA3E /* Comedy.json */,
				9D57BF9D29E05C9500F2CA3E /* Horror.json */,
				9D57BF9F29E05CB700F2CA3E /* Romance.json */,
				9D57BFA129E05CD900F2CA3E /* Documentary.json */,
			);
			path = JSON;
			sourceTree = "<group>";
		};
		9DB8D11029E071950023B857 /* Top */ = {
			isa = PBXGroup;
			children = (
				9DB8D11129E071CD0023B857 /* TopView.swift */,
			);
			path = Top;
			sourceTree = "<group>";
		};
		9DE4FAE229E1B20D0017E7B5 /* Downloads */ = {
			isa = PBXGroup;
			children = (
				9DE4FAEB29E1B5100017E7B5 /* View */,
			);
			path = Downloads;
			sourceTree = "<group>";
		};
		9DE4FAE329E1B2120017E7B5 /* FastLaughs */ = {
			isa = PBXGroup;
			children = (
				9DE4FAEA29E1B5090017E7B5 /* View */,
			);
			path = FastLaughs;
			sourceTree = "<group>";
		};
		9DE4FAE429E1B2160017E7B5 /* NewAndHot */ = {
			isa = PBXGroup;
			children = (
				9DE4FAE929E1B5010017E7B5 /* View */,
			);
			path = NewAndHot;
			sourceTree = "<group>";
		};
		9DE4FAE529E1B2D50017E7B5 /* Main */ = {
			isa = PBXGroup;
			children = (
				9DE4FAE629E1B2ED0017E7B5 /* MainView.swift */,
			);
			path = Main;
			sourceTree = "<group>";
		};
		9DE4FAE829E1B4E00017E7B5 /* View */ = {
			isa = PBXGroup;
			children = (
				9D6CB6F429DF47A6000C57C2 /* HomeView.swift */,
			);
			path = View;
			sourceTree = "<group>";
		};
		9DE4FAE929E1B5010017E7B5 /* View */ = {
			isa = PBXGroup;
			children = (
				9DE4FAEC29E1B5240017E7B5 /* NewAndHotView.swift */,
			);
			path = View;
			sourceTree = "<group>";
		};
		9DE4FAEA29E1B5090017E7B5 /* View */ = {
			isa = PBXGroup;
			children = (
				9DE4FAEE29E1B5370017E7B5 /* FastLaughsView.swift */,
			);
			path = View;
			sourceTree = "<group>";
		};
		9DE4FAEB29E1B5100017E7B5 /* View */ = {
			isa = PBXGroup;
			children = (
				9DE4FAF029E1B5440017E7B5 /* DownloadsView.swift */,
			);
			path = View;
			sourceTree = "<group>";
		};
		9DE4FAF229E1B7D50017E7B5 /* Components */ = {
			isa = PBXGroup;
			children = (
				9DB8D11029E071950023B857 /* Top */,
			);
			path = Components;
			sourceTree = "<group>";
		};
		9DEAF34829E0D07500AF9DE1 /* Category */ = {
			isa = PBXGroup;
			children = (
				9DEAF34B29E0D08400AF9DE1 /* View */,
				9DEAF34A29E0D08200AF9DE1 /* ViewModel */,
				9DEAF34929E0D07F00AF9DE1 /* Model */,
			);
			path = Category;
			sourceTree = "<group>";
		};
		9DEAF34929E0D07F00AF9DE1 /* Model */ = {
			isa = PBXGroup;
			children = (
				9DEAF35229E0D10F00AF9DE1 /* Category.swift */,
			);
			path = Model;
			sourceTree = "<group>";
		};
		9DEAF34A29E0D08200AF9DE1 /* ViewModel */ = {
			isa = PBXGroup;
			children = (
				9DEAF35029E0D10500AF9DE1 /* CategoryViewModel.swift */,
			);
			path = ViewModel;
			sourceTree = "<group>";
		};
		9DEAF34B29E0D08400AF9DE1 /* View */ = {
			isa = PBXGroup;
			children = (
				9DEAF34C29E0D0E300AF9DE1 /* CategoryView.swift */,
				9DEAF34E29E0D0F200AF9DE1 /* CategoryItemView.swift */,
				9DEAF35629E0E5AA00AF9DE1 /* CategoryItemDetailView.swift */,
			);
			path = View;
			sourceTree = "<group>";
		};
		9DEAF35529E0D9B800AF9DE1 /* Mapper */ = {
			isa = PBXGroup;
			children = (
				9D6CB70929DF5600000C57C2 /* StaticJSONMapper.swift */,
			);
			path = Mapper;
			sourceTree = "<group>";
		};
/* End PBXGroup section */

/* Begin PBXNativeTarget section */
		9D6CB6E029DF46EB000C57C2 /* Netflix-Clone-SwiftUI */ = {
			isa = PBXNativeTarget;
			buildConfigurationList = 9D6CB6EF29DF46ED000C57C2 /* Build configuration list for PBXNativeTarget "Netflix-Clone-SwiftUI" */;
			buildPhases = (
				9D6CB6DD29DF46EB000C57C2 /* Sources */,
				9D6CB6DE29DF46EB000C57C2 /* Frameworks */,
				9D6CB6DF29DF46EB000C57C2 /* Resources */,
			);
			buildRules = (
			);
			dependencies = (
			);
			name = "Netflix-Clone-SwiftUI";
			packageProductDependencies = (
			);
			productName = "Netflix-Clone-SwiftUI";
			productReference = 9D6CB6E129DF46EB000C57C2 /* Netflix-Clone-SwiftUI.app */;
			productType = "com.apple.product-type.application";
		};
/* End PBXNativeTarget section */

/* Begin PBXProject section */
		9D6CB6D929DF46EB000C57C2 /* Project object */ = {
			isa = PBXProject;
			attributes = {
				BuildIndependentTargetsInParallel = 1;
				LastSwiftUpdateCheck = 1420;
				LastUpgradeCheck = 1420;
				TargetAttributes = {
					9D6CB6E029DF46EB000C57C2 = {
						CreatedOnToolsVersion = 14.2;
					};
				};
			};
			buildConfigurationList = 9D6CB6DC29DF46EB000C57C2 /* Build configuration list for PBXProject "Netflix-Clone-SwiftUI" */;
			compatibilityVersion = "Xcode 14.0";
			developmentRegion = en;
			hasScannedForEncodings = 0;
			knownRegions = (
				en,
				Base,
			);
			mainGroup = 9D6CB6D829DF46EB000C57C2;
			packageReferences = (
			);
			productRefGroup = 9D6CB6E229DF46EB000C57C2 /* Products */;
			projectDirPath = "";
			projectRoot = "";
			targets = (
				9D6CB6E029DF46EB000C57C2 /* Netflix-Clone-SwiftUI */,
			);
		};
/* End PBXProject section */

/* Begin PBXResourcesBuildPhase section */
		9D6CB6DF29DF46EB000C57C2 /* Resources */ = {
			isa = PBXResourcesBuildPhase;
			buildActionMask = 2147483647;
			files = (
				9D6CB6EC29DF46ED000C57C2 /* Preview Assets.xcassets in Resources */,
				9D57BF9C29E05C6E00F2CA3E /* Comedy.json in Resources */,
				9D57BF9A29E05C5200F2CA3E /* Action.json in Resources */,
				9D57BFA029E05CB700F2CA3E /* Romance.json in Resources */,
				9D6CB6E929DF46ED000C57C2 /* Assets.xcassets in Resources */,
				9D6CB72029DF6A51000C57C2 /* TopRated.json in Resources */,
				9D6CB71C29DF63FE000C57C2 /* Originals.json in Resources */,
				9D57BFA229E05CD900F2CA3E /* Documentary.json in Resources */,
				9D6CB70D29DF56B3000C57C2 /* Trending.json in Resources */,
				9D57BF9E29E05C9500F2CA3E /* Horror.json in Resources */,
			);
			runOnlyForDeploymentPostprocessing = 0;
		};
/* End PBXResourcesBuildPhase section */

/* Begin PBXSourcesBuildPhase section */
		9D6CB6DD29DF46EB000C57C2 /* Sources */ = {
			isa = PBXSourcesBuildPhase;
			buildActionMask = 2147483647;
			files = (
				9D6CB70A29DF5600000C57C2 /* StaticJSONMapper.swift in Sources */,
				9DB8D11229E071CD0023B857 /* TopView.swift in Sources */,
				9DE4FAF129E1B5440017E7B5 /* DownloadsView.swift in Sources */,
				9DEAF35129E0D10500AF9DE1 /* CategoryViewModel.swift in Sources */,
				9DEAF34D29E0D0E300AF9DE1 /* CategoryView.swift in Sources */,
				9DEAF34F29E0D0F200AF9DE1 /* CategoryItemView.swift in Sources */,
				9D6CB6F529DF47A6000C57C2 /* HomeView.swift in Sources */,
				9DEAF34329E0C75400AF9DE1 /* ItemsList.swift in Sources */,
				9DE4FAEF29E1B5370017E7B5 /* FastLaughsView.swift in Sources */,
				9DE4FAE729E1B2ED0017E7B5 /* MainView.swift in Sources */,
				9D6CB6E529DF46EB000C57C2 /* Netflix_Clone_SwiftUIApp.swift in Sources */,
				9DE4FAED29E1B5240017E7B5 /* NewAndHotView.swift in Sources */,
				9DEAF35729E0E5AA00AF9DE1 /* CategoryItemDetailView.swift in Sources */,
				9DEAF35329E0D10F00AF9DE1 /* Category.swift in Sources */,
			);
			runOnlyForDeploymentPostprocessing = 0;
		};
/* End PBXSourcesBuildPhase section */

/* Begin XCBuildConfiguration section */
		9D6CB6ED29DF46ED000C57C2 /* Debug */ = {
			isa = XCBuildConfiguration;
			buildSettings = {
				ALWAYS_SEARCH_USER_PATHS = NO;
				CLANG_ANALYZER_NONNULL = YES;
				CLANG_ANALYZER_NUMBER_OBJECT_CONVERSION = YES_AGGRESSIVE;
				CLANG_CXX_LANGUAGE_STANDARD = "gnu++20";
				CLANG_ENABLE_MODULES = YES;
				CLANG_ENABLE_OBJC_ARC = YES;
				CLANG_ENABLE_OBJC_WEAK = YES;
				CLANG_WARN_BLOCK_CAPTURE_AUTORELEASING = YES;
				CLANG_WARN_BOOL_CONVERSION = YES;
				CLANG_WARN_COMMA = YES;
				CLANG_WARN_CONSTANT_CONVERSION = YES;
				CLANG_WARN_DEPRECATED_OBJC_IMPLEMENTATIONS = YES;
				CLANG_WARN_DIRECT_OBJC_ISA_USAGE = YES_ERROR;
				CLANG_WARN_DOCUMENTATION_COMMENTS = YES;
				CLANG_WARN_EMPTY_BODY = YES;
				CLANG_WARN_ENUM_CONVERSION = YES;
				CLANG_WARN_INFINITE_RECURSION = YES;
				CLANG_WARN_INT_CONVERSION = YES;
				CLANG_WARN_NON_LITERAL_NULL_CONVERSION = YES;
				CLANG_WARN_OBJC_IMPLICIT_RETAIN_SELF = YES;
				CLANG_WARN_OBJC_LITERAL_CONVERSION = YES;
				CLANG_WARN_OBJC_ROOT_CLASS = YES_ERROR;
				CLANG_WARN_QUOTED_INCLUDE_IN_FRAMEWORK_HEADER = YES;
				CLANG_WARN_RANGE_LOOP_ANALYSIS = YES;
				CLANG_WARN_STRICT_PROTOTYPES = YES;
				CLANG_WARN_SUSPICIOUS_MOVE = YES;
				CLANG_WARN_UNGUARDED_AVAILABILITY = YES_AGGRESSIVE;
				CLANG_WARN_UNREACHABLE_CODE = YES;
				CLANG_WARN__DUPLICATE_METHOD_MATCH = YES;
				COPY_PHASE_STRIP = NO;
				DEBUG_INFORMATION_FORMAT = dwarf;
				ENABLE_STRICT_OBJC_MSGSEND = YES;
				ENABLE_TESTABILITY = YES;
				GCC_C_LANGUAGE_STANDARD = gnu11;
				GCC_DYNAMIC_NO_PIC = NO;
				GCC_NO_COMMON_BLOCKS = YES;
				GCC_OPTIMIZATION_LEVEL = 0;
				GCC_PREPROCESSOR_DEFINITIONS = (
					"DEBUG=1",
					"$(inherited)",
				);
				GCC_WARN_64_TO_32_BIT_CONVERSION = YES;
				GCC_WARN_ABOUT_RETURN_TYPE = YES_ERROR;
				GCC_WARN_UNDECLARED_SELECTOR = YES;
				GCC_WARN_UNINITIALIZED_AUTOS = YES_AGGRESSIVE;
				GCC_WARN_UNUSED_FUNCTION = YES;
				GCC_WARN_UNUSED_VARIABLE = YES;
				IPHONEOS_DEPLOYMENT_TARGET = 16.2;
				MTL_ENABLE_DEBUG_INFO = INCLUDE_SOURCE;
				MTL_FAST_MATH = YES;
				ONLY_ACTIVE_ARCH = YES;
				SDKROOT = iphoneos;
				SWIFT_ACTIVE_COMPILATION_CONDITIONS = DEBUG;
				SWIFT_OPTIMIZATION_LEVEL = "-Onone";
			};
			name = Debug;
		};
		9D6CB6EE29DF46ED000C57C2 /* Release */ = {
			isa = XCBuildConfiguration;
			buildSettings = {
				ALWAYS_SEARCH_USER_PATHS = NO;
				CLANG_ANALYZER_NONNULL = YES;
				CLANG_ANALYZER_NUMBER_OBJECT_CONVERSION = YES_AGGRESSIVE;
				CLANG_CXX_LANGUAGE_STANDARD = "gnu++20";
				CLANG_ENABLE_MODULES = YES;
				CLANG_ENABLE_OBJC_ARC = YES;
				CLANG_ENABLE_OBJC_WEAK = YES;
				CLANG_WARN_BLOCK_CAPTURE_AUTORELEASING = YES;
				CLANG_WARN_BOOL_CONVERSION = YES;
				CLANG_WARN_COMMA = YES;
				CLANG_WARN_CONSTANT_CONVERSION = YES;
				CLANG_WARN_DEPRECATED_OBJC_IMPLEMENTATIONS = YES;
				CLANG_WARN_DIRECT_OBJC_ISA_USAGE = YES_ERROR;
				CLANG_WARN_DOCUMENTATION_COMMENTS = YES;
				CLANG_WARN_EMPTY_BODY = YES;
				CLANG_WARN_ENUM_CONVERSION = YES;
				CLANG_WARN_INFINITE_RECURSION = YES;
				CLANG_WARN_INT_CONVERSION = YES;
				CLANG_WARN_NON_LITERAL_NULL_CONVERSION = YES;
				CLANG_WARN_OBJC_IMPLICIT_RETAIN_SELF = YES;
				CLANG_WARN_OBJC_LITERAL_CONVERSION = YES;
				CLANG_WARN_OBJC_ROOT_CLASS = YES_ERROR;
				CLANG_WARN_QUOTED_INCLUDE_IN_FRAMEWORK_HEADER = YES;
				CLANG_WARN_RANGE_LOOP_ANALYSIS = YES;
				CLANG_WARN_STRICT_PROTOTYPES = YES;
				CLANG_WARN_SUSPICIOUS_MOVE = YES;
				CLANG_WARN_UNGUARDED_AVAILABILITY = YES_AGGRESSIVE;
				CLANG_WARN_UNREACHABLE_CODE = YES;
				CLANG_WARN__DUPLICATE_METHOD_MATCH = YES;
				COPY_PHASE_STRIP = NO;
				DEBUG_INFORMATION_FORMAT = "dwarf-with-dsym";
				ENABLE_NS_ASSERTIONS = NO;
				ENABLE_STRICT_OBJC_MSGSEND = YES;
				GCC_C_LANGUAGE_STANDARD = gnu11;
				GCC_NO_COMMON_BLOCKS = YES;
				GCC_WARN_64_TO_32_BIT_CONVERSION = YES;
				GCC_WARN_ABOUT_RETURN_TYPE = YES_ERROR;
				GCC_WARN_UNDECLARED_SELECTOR = YES;
				GCC_WARN_UNINITIALIZED_AUTOS = YES_AGGRESSIVE;
				GCC_WARN_UNUSED_FUNCTION = YES;
				GCC_WARN_UNUSED_VARIABLE = YES;
				IPHONEOS_DEPLOYMENT_TARGET = 16.2;
				MTL_ENABLE_DEBUG_INFO = NO;
				MTL_FAST_MATH = YES;
				SDKROOT = iphoneos;
				SWIFT_COMPILATION_MODE = wholemodule;
				SWIFT_OPTIMIZATION_LEVEL = "-O";
				VALIDATE_PRODUCT = YES;
			};
			name = Release;
		};
		9D6CB6F029DF46ED000C57C2 /* Debug */ = {
			isa = XCBuildConfiguration;
			buildSettings = {
				ASSETCATALOG_COMPILER_APPICON_NAME = AppIcon;
				ASSETCATALOG_COMPILER_GLOBAL_ACCENT_COLOR_NAME = AccentColor;
				CODE_SIGN_STYLE = Automatic;
				CURRENT_PROJECT_VERSION = 1;
				DEVELOPMENT_ASSET_PATHS = "\"Netflix-Clone-SwiftUI/Preview Content\"";
				ENABLE_PREVIEWS = YES;
				GENERATE_INFOPLIST_FILE = YES;
				INFOPLIST_FILE = "Netflix-Clone-SwiftUI/Info.plist";
				INFOPLIST_KEY_UIApplicationSupportsIndirectInputEvents = YES;
				INFOPLIST_KEY_UILaunchScreen_Generation = YES;
				INFOPLIST_KEY_UISupportedInterfaceOrientations_iPad = "UIInterfaceOrientationPortrait UIInterfaceOrientationPortraitUpsideDown UIInterfaceOrientationLandscapeLeft UIInterfaceOrientationLandscapeRight";
				INFOPLIST_KEY_UISupportedInterfaceOrientations_iPhone = "UIInterfaceOrientationPortrait UIInterfaceOrientationLandscapeLeft UIInterfaceOrientationLandscapeRight";
				LD_RUNPATH_SEARCH_PATHS = (
					"$(inherited)",
					"@executable_path/Frameworks",
				);
				MARKETING_VERSION = 1.0;
				PRODUCT_BUNDLE_IDENTIFIER = "maxvalek.Netflix-Clone-SwiftUI";
				PRODUCT_NAME = "$(TARGET_NAME)";
				SWIFT_EMIT_LOC_STRINGS = YES;
				SWIFT_VERSION = 5.0;
				TARGETED_DEVICE_FAMILY = "1,2";
			};
			name = Debug;
		};
		9D6CB6F129DF46ED000C57C2 /* Release */ = {
			isa = XCBuildConfiguration;
			buildSettings = {
				ASSETCATALOG_COMPILER_APPICON_NAME = AppIcon;
				ASSETCATALOG_COMPILER_GLOBAL_ACCENT_COLOR_NAME = AccentColor;
				CODE_SIGN_STYLE = Automatic;
				CURRENT_PROJECT_VERSION = 1;
				DEVELOPMENT_ASSET_PATHS = "\"Netflix-Clone-SwiftUI/Preview Content\"";
				ENABLE_PREVIEWS = YES;
				GENERATE_INFOPLIST_FILE = YES;
				INFOPLIST_FILE = "Netflix-Clone-SwiftUI/Info.plist";
				INFOPLIST_KEY_UIApplicationSupportsIndirectInputEvents = YES;
				INFOPLIST_KEY_UILaunchScreen_Generation = YES;
				INFOPLIST_KEY_UISupportedInterfaceOrientations_iPad = "UIInterfaceOrientationPortrait UIInterfaceOrientationPortraitUpsideDown UIInterfaceOrientationLandscapeLeft UIInterfaceOrientationLandscapeRight";
				INFOPLIST_KEY_UISupportedInterfaceOrientations_iPhone = "UIInterfaceOrientationPortrait UIInterfaceOrientationLandscapeLeft UIInterfaceOrientationLandscapeRight";
				LD_RUNPATH_SEARCH_PATHS = (
					"$(inherited)",
					"@executable_path/Frameworks",
				);
				MARKETING_VERSION = 1.0;
				PRODUCT_BUNDLE_IDENTIFIER = "maxvalek.Netflix-Clone-SwiftUI";
				PRODUCT_NAME = "$(TARGET_NAME)";
				SWIFT_EMIT_LOC_STRINGS = YES;
				SWIFT_VERSION = 5.0;
				TARGETED_DEVICE_FAMILY = "1,2";
			};
			name = Release;
		};
/* End XCBuildConfiguration section */

/* Begin XCConfigurationList section */
		9D6CB6DC29DF46EB000C57C2 /* Build configuration list for PBXProject "Netflix-Clone-SwiftUI" */ = {
			isa = XCConfigurationList;
			buildConfigurations = (
				9D6CB6ED29DF46ED000C57C2 /* Debug */,
				9D6CB6EE29DF46ED000C57C2 /* Release */,
			);
			defaultConfigurationIsVisible = 0;
			defaultConfigurationName = Release;
		};
		9D6CB6EF29DF46ED000C57C2 /* Build configuration list for PBXNativeTarget "Netflix-Clone-SwiftUI" */ = {
			isa = XCConfigurationList;
			buildConfigurations = (
				9D6CB6F029DF46ED000C57C2 /* Debug */,
				9D6CB6F129DF46ED000C57C2 /* Release */,
			);
			defaultConfigurationIsVisible = 0;
			defaultConfigurationName = Release;
		};
/* End XCConfigurationList section */
	};
	rootObject = 9D6CB6D929DF46EB000C57C2 /* Project object */;
}
